
Microsoft Visual Studio Solution File, Format Version 12.00
# Visual Studio Version 17
VisualStudioVersion = 17.9.34728.123
MinimumVisualStudioVersion = 10.0.40219.1
Project("{FAE04EC0-301F-11D3-BF4B-00C04F79EFBC}") = "SwiftRentals", "SwiftRentals\SwiftRentals.csproj", "{25040AA8-4FE3-400B-9FA6-5BB60BF93EDF}"
EndProject
Global
	GlobalSection(SolutionConfigurationPlatforms) = preSolution
		Debug|Any CPU = Debug|Any CPU
		Release|Any CPU = Release|Any CPU
	EndGlobalSection
	GlobalSection(ProjectConfigurationPlatforms) = postSolution
		{25040AA8-4FE3-400B-9FA6-5BB60BF93EDF}.Debug|Any CPU.ActiveCfg = Debug|Any CPU
		{25040AA8-4FE3-400B-9FA6-5BB60BF93EDF}.Debug|Any CPU.Build.0 = Debug|Any CPU
		{25040AA8-4FE3-400B-9FA6-5BB60BF93EDF}.Release|Any CPU.ActiveCfg = Release|Any CPU
		{25040AA8-4FE3-400B-9FA6-5BB60BF93EDF}.Release|Any CPU.Build.0 = Release|Any CPU
	EndGlobalSection
	GlobalSection(SolutionProperties) = preSolution
		HideSolutionNode = FALSE
	EndGlobalSection
	GlobalSection(ExtensibilityGlobals) = postSolution
		SolutionGuid = {EE71C58A-0A48-439F-90A2-D02C2CF510D9}
	EndGlobalSection
EndGlobal
